PODS:
  - Alamofire (3.4.1)
  - Eureka (1.7.0)
  - SwiftyJSON (2.3.2)

DEPENDENCIES:
  - Alamofire (from `https://github.com/Alamofire/Alamofire.git`, branch `swift3`)
  - Eureka (from `https://github.com/xmartlabs/Eureka.git`, branch `Swift3`)
  - SwiftyJSON (from `https://github.com/SwiftyJSON/SwiftyJSON.git`, branch `swift3`)

EXTERNAL SOURCES:
  Alamofire:
    :branch: swift3
    :git: https://github.com/Alamofire/Alamofire.git
  Eureka:
    :branch: Swift3
    :git: https://github.com/xmartlabs/Eureka.git
  SwiftyJSON:
    :branch: swift3
    :git: https://github.com/SwiftyJSON/SwiftyJSON.git

CHECKOUT OPTIONS:
  Alamofire:
    :commit: fcb4829a78d28e3491c6767cfb74e774871943b0
    :git: https://github.com/Alamofire/Alamofire.git
  Eureka:
    :commit: 6a54d1d05e353134d6ce0b834c0383f709f45de8
    :git: https://github.com/xmartlabs/Eureka.git
  SwiftyJSON:
    :commit: 1a9755949a652967dc2986cd7f4653496e556715
    :git: https://github.com/SwiftyJSON/SwiftyJSON.git

SPEC CHECKSUMS:
  Alamofire: 01a82e2f6c0f860ade35534c8dd88be61bdef40c
  Eureka: 2020d9faeef7b7e9adeb9e3d8af779e5931c1897
  SwiftyJSON: 04ccea08915aa0109039157c7974cf0298da292a

PODFILE CHECKSUM: e2e50ec7367d9a42f26301576c4d2f69e0403764

COCOAPODS: 1.0.1
